
Microsoft Visual Studio Solution File, Format Version 12.00
Project("{FAE04EC0-301F-11D3-BF4B-00C04F79EFBC}") = "Task04", "Task04\Task04.csproj", "{D129430E-97F6-4E21-88E5-9C4D6808092F}"
EndProject
Global
	GlobalSection(SolutionConfigurationPlatforms) = preSolution
		Debug|Any CPU = Debug|Any CPU
		Release|Any CPU = Release|Any CPU
	EndGlobalSection
	GlobalSection(ProjectConfigurationPlatforms) = postSolution
		{D129430E-97F6-4E21-88E5-9C4D6808092F}.Debug|Any CPU.ActiveCfg = Debug|Any CPU
		{D129430E-97F6-4E21-88E5-9C4D6808092F}.Debug|Any CPU.Build.0 = Debug|Any CPU
		{D129430E-97F6-4E21-88E5-9C4D6808092F}.Release|Any CPU.ActiveCfg = Release|Any CPU
		{D129430E-97F6-4E21-88E5-9C4D6808092F}.Release|Any CPU.Build.0 = Release|Any CPU
	EndGlobalSection
EndGlobal
